
Microsoft Visual Studio Solution File, Format Version 12.00
# Visual Studio 15
VisualStudioVersion = 15.0.27703.2042
MinimumVisualStudioVersion = 10.0.40219.1
Project("{FAE04EC0-301F-11D3-BF4B-00C04F79EFBC}") = "ConsoleApp3", "ConsoleApp3\ConsoleApp3.csproj", "{23B30CF1-7344-476C-B45E-372D6963BE58}"
EndProject
Global
	GlobalSection(SolutionConfigurationPlatforms) = preSolution
		Debug|Any CPU = Debug|Any CPU
		Release|Any CPU = Release|Any CPU
	EndGlobalSection
	GlobalSection(ProjectConfigurationPlatforms) = postSolution
		{23B30CF1-7344-476C-B45E-372D6963BE58}.Debug|Any CPU.ActiveCfg = Debug|Any CPU
		{23B30CF1-7344-476C-B45E-372D6963BE58}.Debug|Any CPU.Build.0 = Debug|Any CPU
		{23B30CF1-7344-476C-B45E-372D6963BE58}.Release|Any CPU.ActiveCfg = Release|Any CPU
		{23B30CF1-7344-476C-B45E-372D6963BE58}.Release|Any CPU.Build.0 = Release|Any CPU
	EndGlobalSection
	GlobalSection(SolutionProperties) = preSolution
		HideSolutionNode = FALSE
	EndGlobalSection
	GlobalSection(ExtensibilityGlobals) = postSolution
		SolutionGuid = {34C58CD6-72FE-4F34-9397-A103D8EFD6D3}
	EndGlobalSection
EndGlobal
